// !$*UTF8*$!
{
	archiveVersion = 1;
	classes = {
	};
	objectVersion = 50;
	objects = {

/* Begin PBXBuildFile section */
		9964C7A225E614110041D7FD /* Helicopter_GameApp.swift in Sources */ = {isa = PBXBuildFile; fileRef = 9964C7A125E614110041D7FD /* Helicopter_GameApp.swift */; };
		9964C7A425E614110041D7FD /* ContentView.swift in Sources */ = {isa = PBXBuildFile; fileRef = 9964C7A325E614110041D7FD /* ContentView.swift */; };
		9964C7A625E614130041D7FD /* Assets.xcassets in Resources */ = {isa = PBXBuildFile; fileRef = 9964C7A525E614130041D7FD /* Assets.xcassets */; };
		9964C7A925E614130041D7FD /* Preview Assets.xcassets in Resources */ = {isa = PBXBuildFile; fileRef = 9964C7A825E614130041D7FD /* Preview Assets.xcassets */; };
		9964C7B325E615140041D7FD /* Pixel.swift in Sources */ = {isa = PBXBuildFile; fileRef = 9964C7B225E615140041D7FD /* Pixel.swift */; };
		9964C7BB25E63CA90041D7FD /* Helicopter.swift in Sources */ = {isa = PBXBuildFile; fileRef = 9964C7BA25E63CA90041D7FD /* Helicopter.swift */; };
		9964C7BE25E6420D0041D7FD /* Obstacle.swift in Sources */ = {isa = PBXBuildFile; fileRef = 9964C7BD25E6420D0041D7FD /* Obstacle.swift */; };
/* End PBXBuildFile section */

/* Begin PBXFileReference section */
		9964C79E25E614110041D7FD /* Helicopter-Game.app */ = {isa = PBXFileReference; explicitFileType = wrapper.application; includeInIndex = 0; path = "Helicopter-Game.app"; sourceTree = BUILT_PRODUCTS_DIR; };
		9964C7A125E614110041D7FD /* Helicopter_GameApp.swift */ = {isa = PBXFileReference; lastKnownFileType = sourcecode.swift; path = Helicopter_GameApp.swift; sourceTree = "<group>"; };
		9964C7A325E614110041D7FD /* ContentView.swift */ = {isa = PBXFileReference; lastKnownFileType = sourcecode.swift; path = ContentView.swift; sourceTree = "<group>"; };
		9964C7A525E614130041D7FD /* Assets.xcassets */ = {isa = PBXFileReference; lastKnownFileType = folder.assetcatalog; path = Assets.xcassets; sourceTree = "<group>"; };
		9964C7A825E614130041D7FD /* Preview Assets.xcassets */ = {isa = PBXFileReference; lastKnownFileType = folder.assetcatalog; path = "Preview Assets.xcassets"; sourceTree = "<group>"; };
		9964C7AA25E614130041D7FD /* Info.plist */ = {isa = PBXFileReference; lastKnownFileType = text.plist.xml; path = Info.plist; sourceTree = "<group>"; };
		9964C7B225E615140041D7FD /* Pixel.swift */ = {isa = PBXFileReference; lastKnownFileType = sourcecode.swift; path = Pixel.swift; sourceTree = "<group>"; };
		9964C7BA25E63CA90041D7FD /* Helicopter.swift */ = {isa = PBXFileReference; lastKnownFileType = sourcecode.swift; path = Helicopter.swift; sourceTree = "<group>"; };
		9964C7BD25E6420D0041D7FD /* Obstacle.swift */ = {isa = PBXFileReference; lastKnownFileType = sourcecode.swift; path = Obstacle.swift; sourceTree = "<group>"; };
/* End PBXFileReference section */

/* Begin PBXFrameworksBuildPhase section */
		9964C79B25E614110041D7FD /* Frameworks */ = {
			isa = PBXFrameworksBuildPhase;
			buildActionMask = 2147483647;
			files = (
			);
			runOnlyForDeploymentPostprocessing = 0;
		};
/* End PBXFrameworksBuildPhase section */

/* Begin PBXGroup section */
		9964C79525E614110041D7FD = {
			isa = PBXGroup;
			children = (
				9964C7A025E614110041D7FD /* Helicopter-Game */,
				9964C79F25E614110041D7FD /* Products */,
			);
			sourceTree = "<group>";
		};
		9964C79F25E614110041D7FD /* Products */ = {
			isa = PBXGroup;
			children = (
				9964C79E25E614110041D7FD /* Helicopter-Game.app */,
			);
			name = Products;
			sourceTree = "<group>";
		};
		9964C7A025E614110041D7FD /* Helicopter-Game */ = {
			isa = PBXGroup;
			children = (
				9964C7B125E6145D0041D7FD /* Componants */,
				9964C7A125E614110041D7FD /* Helicopter_GameApp.swift */,
				9964C7A325E614110041D7FD /* ContentView.swift */,
				9964C7A525E614130041D7FD /* Assets.xcassets */,
				9964C7AA25E614130041D7FD /* Info.plist */,
				9964C7A725E614130041D7FD /* Preview Content */,
			);
			path = "Helicopter-Game";
			sourceTree = "<group>";
		};
		9964C7A725E614130041D7FD /* Preview Content */ = {
			isa = PBXGroup;
			children = (
				9964C7A825E614130041D7FD /* Preview Assets.xcassets */,
			);
			path = "Preview Content";
			sourceTree = "<group>";
		};
		9964C7B125E6145D0041D7FD /* Componants */ = {
			isa = PBXGroup;
			children = (
				9964C7B225E615140041D7FD /* Pixel.swift */,
				9964C7BA25E63CA90041D7FD /* Helicopter.swift */,
				9964C7BD25E6420D0041D7FD /* Obstacle.swift */,
			);
			path = Componants;
			sourceTree = "<group>";
		};
/* End PBXGroup section */

/* Begin PBXNativeTarget section */
		9964C79D25E614110041D7FD /* Helicopter-Game */ = {
			isa = PBXNativeTarget;
			buildConfigurationList = 9964C7AD25E614130041D7FD /* Build configuration list for PBXNativeTarget "Helicopter-Game" */;
			buildPhases = (
				9964C79A25E614110041D7FD /* Sources */,
				9964C79B25E614110041D7FD /* Frameworks */,
				9964C79C25E614110041D7FD /* Resources */,
			);
			buildRules = (
			);
			dependencies = (
			);
			name = "Helicopter-Game";
			productName = "Helicopter-Game";
			productReference = 9964C79E25E614110041D7FD /* Helicopter-Game.app */;
			productType = "com.apple.product-type.application";
		};
/* End PBXNativeTarget section */

/* Begin PBXProject section */
		9964C79625E614110041D7FD /* Project object */ = {
			isa = PBXProject;
			attributes = {
				LastSwiftUpdateCheck = 1240;
				LastUpgradeCheck = 1240;
				TargetAttributes = {
					9964C79D25E614110041D7FD = {
						CreatedOnToolsVersion = 12.4;
					};
				};
			};
			buildConfigurationList = 9964C79925E614110041D7FD /* Build configuration list for PBXProject "Helicopter-Game" */;
			compatibilityVersion = "Xcode 9.3";
			developmentRegion = en;
			hasScannedForEncodings = 0;
			knownRegions = (
				en,
				Base,
			);
			mainGroup = 9964C79525E614110041D7FD;
			productRefGroup = 9964C79F25E614110041D7FD /* Products */;
			projectDirPath = "";
			projectRoot = "";
			targets = (
				9964C79D25E614110041D7FD /* Helicopter-Game */,
			);
		};
/* End PBXProject section */

/* Begin PBXResourcesBuildPhase section */
		9964C79C25E614110041D7FD /* Resources */ = {
			isa = PBXResourcesBuildPhase;
			buildActionMask = 2147483647;
			files = (
				9964C7A925E614130041D7FD /* Preview Assets.xcassets in Resources */,
				9964C7A625E614130041D7FD /* Assets.xcassets in Resources */,
			);
			runOnlyForDeploymentPostprocessing = 0;
		};
/* End PBXResourcesBuildPhase section */

/* Begin PBXSourcesBuildPhase section */
		9964C79A25E614110041D7FD /* Sources */ = {
			isa = PBXSourcesBuildPhase;
			buildActionMask = 2147483647;
			files = (
				9964C7A425E614110041D7FD /* ContentView.swift in Sources */,
				9964C7B325E615140041D7FD /* Pixel.swift in Sources */,
				9964C7BE25E6420D0041D7FD /* Obstacle.swift in Sources */,
				9964C7BB25E63CA90041D7FD /* Helicopter.swift in Sources */,
				9964C7A225E614110041D7FD /* Helicopter_GameApp.swift in Sources */,
			);
			runOnlyForDeploymentPostprocessing = 0;
		};
/* End PBXSourcesBuildPhase section */

/* Begin XCBuildConfiguration section */
		9964C7AB25E614130041D7FD /* Debug */ = {
			isa = XCBuildConfiguration;
			buildSettings = {
				ALWAYS_SEARCH_USER_PATHS = NO;
				CLANG_ANALYZER_NONNULL = YES;
				CLANG_ANALYZER_NUMBER_OBJECT_CONVERSION = YES_AGGRESSIVE;
				CLANG_CXX_LANGUAGE_STANDARD = "gnu++14";
				CLANG_CXX_LIBRARY = "libc++";
				CLANG_ENABLE_MODULES = YES;
				CLANG_ENABLE_OBJC_ARC = YES;
				CLANG_ENABLE_OBJC_WEAK = YES;
				CLANG_WARN_BLOCK_CAPTURE_AUTORELEASING = YES;
				CLANG_WARN_BOOL_CONVERSION = YES;
				CLANG_WARN_COMMA = YES;
				CLANG_WARN_CONSTANT_CONVERSION = YES;
				CLANG_WARN_DEPRECATED_OBJC_IMPLEMENTATIONS = YES;
				CLANG_WARN_DIRECT_OBJC_ISA_USAGE = YES_ERROR;
				CLANG_WARN_DOCUMENTATION_COMMENTS = YES;
				CLANG_WARN_EMPTY_BODY = YES;
				CLANG_WARN_ENUM_CONVERSION = YES;
				CLANG_WARN_INFINITE_RECURSION = YES;
				CLANG_WARN_INT_CONVERSION = YES;
				CLANG_WARN_NON_LITERAL_NULL_CONVERSION = YES;
				CLANG_WARN_OBJC_IMPLICIT_RETAIN_SELF = YES;
				CLANG_WARN_OBJC_LITERAL_CONVERSION = YES;
				CLANG_WARN_OBJC_ROOT_CLASS = YES_ERROR;
				CLANG_WARN_QUOTED_INCLUDE_IN_FRAMEWORK_HEADER = YES;
				CLANG_WARN_RANGE_LOOP_ANALYSIS = YES;
				CLANG_WARN_STRICT_PROTOTYPES = YES;
				CLANG_WARN_SUSPICIOUS_MOVE = YES;
				CLANG_WARN_UNGUARDED_AVAILABILITY = YES_AGGRESSIVE;
				CLANG_WARN_UNREACHABLE_CODE = YES;
				CLANG_WARN__DUPLICATE_METHOD_MATCH = YES;
				COPY_PHASE_STRIP = NO;
				DEBUG_INFORMATION_FORMAT = dwarf;
				ENABLE_STRICT_OBJC_MSGSEND = YES;
				ENABLE_TESTABILITY = YES;
				GCC_C_LANGUAGE_STANDARD = gnu11;
				GCC_DYNAMIC_NO_PIC = NO;
				GCC_NO_COMMON_BLOCKS = YES;
				GCC_OPTIMIZATION_LEVEL = 0;
				GCC_PREPROCESSOR_DEFINITIONS = (
					"DEBUG=1",
					"$(inherited)",
				);
				GCC_WARN_64_TO_32_BIT_CONVERSION = YES;
				GCC_WARN_ABOUT_RETURN_TYPE = YES_ERROR;
				GCC_WARN_UNDECLARED_SELECTOR = YES;
				GCC_WARN_UNINITIALIZED_AUTOS = YES_AGGRESSIVE;
				GCC_WARN_UNUSED_FUNCTION = YES;
				GCC_WARN_UNUSED_VARIABLE = YES;
				IPHONEOS_DEPLOYMENT_TARGET = 14.4;
				MTL_ENABLE_DEBUG_INFO = INCLUDE_SOURCE;
				MTL_FAST_MATH = YES;
				ONLY_ACTIVE_ARCH = YES;
				SDKROOT = iphoneos;
				SWIFT_ACTIVE_COMPILATION_CONDITIONS = DEBUG;
				SWIFT_OPTIMIZATION_LEVEL = "-Onone";
			};
			name = Debug;
		};
		9964C7AC25E614130041D7FD /* Release */ = {
			isa = XCBuildConfiguration;
			buildSettings = {
				ALWAYS_SEARCH_USER_PATHS = NO;
				CLANG_ANALYZER_NONNULL = YES;
				CLANG_ANALYZER_NUMBER_OBJECT_CONVERSION = YES_AGGRESSIVE;
				CLANG_CXX_LANGUAGE_STANDARD = "gnu++14";
				CLANG_CXX_LIBRARY = "libc++";
				CLANG_ENABLE_MODULES = YES;
				CLANG_ENABLE_OBJC_ARC = YES;
				CLANG_ENABLE_OBJC_WEAK = YES;
				CLANG_WARN_BLOCK_CAPTURE_AUTORELEASING = YES;
				CLANG_WARN_BOOL_CONVERSION = YES;
				CLANG_WARN_COMMA = YES;
				CLANG_WARN_CONSTANT_CONVERSION = YES;
				CLANG_WARN_DEPRECATED_OBJC_IMPLEMENTATIONS = YES;
				CLANG_WARN_DIRECT_OBJC_ISA_USAGE = YES_ERROR;
				CLANG_WARN_DOCUMENTATION_COMMENTS = YES;
				CLANG_WARN_EMPTY_BODY = YES;
				CLANG_WARN_ENUM_CONVERSION = YES;
				CLANG_WARN_INFINITE_RECURSION = YES;
				CLANG_WARN_INT_CONVERSION = YES;
				CLANG_WARN_NON_LITERAL_NULL_CONVERSION = YES;
				CLANG_WARN_OBJC_IMPLICIT_RETAIN_SELF = YES;
				CLANG_WARN_OBJC_LITERAL_CONVERSION = YES;
				CLANG_WARN_OBJC_ROOT_CLASS = YES_ERROR;
				CLANG_WARN_QUOTED_INCLUDE_IN_FRAMEWORK_HEADER = YES;
				CLANG_WARN_RANGE_LOOP_ANALYSIS = YES;
				CLANG_WARN_STRICT_PROTOTYPES = YES;
				CLANG_WARN_SUSPICIOUS_MOVE = YES;
				CLANG_WARN_UNGUARDED_AVAILABILITY = YES_AGGRESSIVE;
				CLANG_WARN_UNREACHABLE_CODE = YES;
				CLANG_WARN__DUPLICATE_METHOD_MATCH = YES;
				COPY_PHASE_STRIP = NO;
				DEBUG_INFORMATION_FORMAT = "dwarf-with-dsym";
				ENABLE_NS_ASSERTIONS = NO;
				ENABLE_STRICT_OBJC_MSGSEND = YES;
				GCC_C_LANGUAGE_STANDARD = gnu11;
				GCC_NO_COMMON_BLOCKS = YES;
				GCC_WARN_64_TO_32_BIT_CONVERSION = YES;
				GCC_WARN_ABOUT_RETURN_TYPE = YES_ERROR;
				GCC_WARN_UNDECLARED_SELECTOR = YES;
				GCC_WARN_UNINITIALIZED_AUTOS = YES_AGGRESSIVE;
				GCC_WARN_UNUSED_FUNCTION = YES;
				GCC_WARN_UNUSED_VARIABLE = YES;
				IPHONEOS_DEPLOYMENT_TARGET = 14.4;
				MTL_ENABLE_DEBUG_INFO = NO;
				MTL_FAST_MATH = YES;
				SDKROOT = iphoneos;
				SWIFT_COMPILATION_MODE = wholemodule;
				SWIFT_OPTIMIZATION_LEVEL = "-O";
				VALIDATE_PRODUCT = YES;
			};
			name = Release;
		};
		9964C7AE25E614130041D7FD /* Debug */ = {
			isa = XCBuildConfiguration;
			buildSettings = {
				ASSETCATALOG_COMPILER_APPICON_NAME = AppIcon;
				ASSETCATALOG_COMPILER_GLOBAL_ACCENT_COLOR_NAME = AccentColor;
				CODE_SIGN_STYLE = Automatic;
				DEVELOPMENT_ASSET_PATHS = "\"Helicopter-Game/Preview Content\"";
				DEVELOPMENT_TEAM = HHLPT4M999;
				ENABLE_PREVIEWS = YES;
				INFOPLIST_FILE = "Helicopter-Game/Info.plist";
				IPHONEOS_DEPLOYMENT_TARGET = 14.0;
				LD_RUNPATH_SEARCH_PATHS = (
					"$(inherited)",
					"@executable_path/Frameworks",
				);
				PRODUCT_BUNDLE_IDENTIFIER = "shusaku.Helicopter-Game";
				PRODUCT_NAME = "$(TARGET_NAME)";
				SWIFT_VERSION = 5.0;
				TARGETED_DEVICE_FAMILY = "1,2";
			};
			name = Debug;
		};
		9964C7AF25E614130041D7FD /* Release */ = {
			isa = XCBuildConfiguration;
			buildSettings = {
				ASSETCATALOG_COMPILER_APPICON_NAME = AppIcon;
				ASSETCATALOG_COMPILER_GLOBAL_ACCENT_COLOR_NAME = AccentColor;
				CODE_SIGN_STYLE = Automatic;
				DEVELOPMENT_ASSET_PATHS = "\"Helicopter-Game/Preview Content\"";
				DEVELOPMENT_TEAM = HHLPT4M999;
				ENABLE_PREVIEWS = YES;
				INFOPLIST_FILE = "Helicopter-Game/Info.plist";
				IPHONEOS_DEPLOYMENT_TARGET = 14.0;
				LD_RUNPATH_SEARCH_PATHS = (
					"$(inherited)",
					"@executable_path/Frameworks",
				);
				PRODUCT_BUNDLE_IDENTIFIER = "shusaku.Helicopter-Game";
				PRODUCT_NAME = "$(TARGET_NAME)";
				SWIFT_VERSION = 5.0;
				TARGETED_DEVICE_FAMILY = "1,2";
			};
			name = Release;
		};
/* End XCBuildConfiguration section */

/* Begin XCConfigurationList section */
		9964C79925E614110041D7FD /* Build configuration list for PBXProject "Helicopter-Game" */ = {
			isa = XCConfigurationList;
			buildConfigurations = (
				9964C7AB25E614130041D7FD /* Debug */,
				9964C7AC25E614130041D7FD /* Release */,
			);
			defaultConfigurationIsVisible = 0;
			defaultConfigurationName = Release;
		};
		9964C7AD25E614130041D7FD /* Build configuration list for PBXNativeTarget "Helicopter-Game" */ = {
			isa = XCConfigurationList;
			buildConfigurations = (
				9964C7AE25E614130041D7FD /* Debug */,
				9964C7AF25E614130041D7FD /* Release */,
			);
			defaultConfigurationIsVisible = 0;
			defaultConfigurationName = Release;
		};
/* End XCConfigurationList section */
	};
	rootObject = 9964C79625E614110041D7FD /* Project object */;
}
